// !$*UTF8*$!
{
	archiveVersion = 1;
	classes = {
	};
	objectVersion = 45;
	objects = {

/* Begin PBXBuildFile section */
		615FACA30FF2EF6D00D9D6CA /* NeHe's Readme.txt in Resources */ = {isa = PBXBuildFile; fileRef = 615FAC930FF2EF6D00D9D6CA /* NeHe's Readme.txt */; };
		615FACA40FF2EF6D00D9D6CA /* Cocoa Readme.rtf in Resources */ = {isa = PBXBuildFile; fileRef = 615FAC940FF2EF6D00D9D6CA /* Cocoa Readme.rtf */; };
		615FACA50FF2EF6D00D9D6CA /* InfoPlist.strings in Resources */ = {isa = PBXBuildFile; fileRef = 615FAC960FF2EF6D00D9D6CA /* InfoPlist.strings */; };
		615FACA60FF2EF6D00D9D6CA /* MainMenu.nib in Resources */ = {isa = PBXBuildFile; fileRef = 615FAC980FF2EF6D00D9D6CA /* MainMenu.nib */; };
		615FACA70FF2EF6D00D9D6CA /* Glass.bmp in Resources */ = {isa = PBXBuildFile; fileRef = 615FAC9A0FF2EF6D00D9D6CA /* Glass.bmp */; };
		615FACA80FF2EF6D00D9D6CA /* blb.pbxuser in Resources */ = {isa = PBXBuildFile; fileRef = 615FAC9C0FF2EF6D00D9D6CA /* blb.pbxuser */; };
		615FACA90FF2EF6D00D9D6CA /* project.pbxproj in Resources */ = {isa = PBXBuildFile; fileRef = 615FAC9D0FF2EF6D00D9D6CA /* project.pbxproj */; };
		615FACAA0FF2EF6D00D9D6CA /* Lesson08Controller.m in Sources */ = {isa = PBXBuildFile; fileRef = 615FAC9F0FF2EF6D00D9D6CA /* Lesson08Controller.m */; };
		615FACAB0FF2EF6D00D9D6CA /* Lesson08View.m in Sources */ = {isa = PBXBuildFile; fileRef = 615FACA10FF2EF6D00D9D6CA /* Lesson08View.m */; };
		615FACAC0FF2EF6D00D9D6CA /* main.m in Sources */ = {isa = PBXBuildFile; fileRef = 615FACA20FF2EF6D00D9D6CA /* main.m */; };
		615FACAF0FF2EF8000D9D6CA /* OpenGL.framework in Frameworks */ = {isa = PBXBuildFile; fileRef = 615FACAE0FF2EF8000D9D6CA /* OpenGL.framework */; };
		8D11072F0486CEB800E47090 /* Cocoa.framework in Frameworks */ = {isa = PBXBuildFile; fileRef = 1058C7A1FEA54F0111CA2CBB /* Cocoa.framework */; };
/* End PBXBuildFile section */

/* Begin PBXFileReference section */
		1058C7A1FEA54F0111CA2CBB /* Cocoa.framework */ = {isa = PBXFileReference; lastKnownFileType = wrapper.framework; name = Cocoa.framework; path = /System/Library/Frameworks/Cocoa.framework; sourceTree = "<absolute>"; };
		13E42FB307B3F0F600E4EEF1 /* CoreData.framework */ = {isa = PBXFileReference; lastKnownFileType = wrapper.framework; name = CoreData.framework; path = /System/Library/Frameworks/CoreData.framework; sourceTree = "<absolute>"; };
		29B97324FDCFA39411CA2CEA /* AppKit.framework */ = {isa = PBXFileReference; lastKnownFileType = wrapper.framework; name = AppKit.framework; path = /System/Library/Frameworks/AppKit.framework; sourceTree = "<absolute>"; };
		29B97325FDCFA39411CA2CEA /* Foundation.framework */ = {isa = PBXFileReference; lastKnownFileType = wrapper.framework; name = Foundation.framework; path = /System/Library/Frameworks/Foundation.framework; sourceTree = "<absolute>"; };
		32CA4F630368D1EE00C91783 /* Lesson08Blending_Prefix.pch */ = {isa = PBXFileReference; fileEncoding = 4; lastKnownFileType = sourcecode.c.h; path = Lesson08Blending_Prefix.pch; sourceTree = "<group>"; };
		615FAC930FF2EF6D00D9D6CA /* NeHe's Readme.txt */ = {isa = PBXFileReference; fileEncoding = 4; lastKnownFileType = text; path = "NeHe's Readme.txt"; sourceTree = "<group>"; };
		615FAC940FF2EF6D00D9D6CA /* Cocoa Readme.rtf */ = {isa = PBXFileReference; lastKnownFileType = text.rtf; path = "Cocoa Readme.rtf"; sourceTree = "<group>"; };
		615FAC970FF2EF6D00D9D6CA /* English */ = {isa = PBXFileReference; fileEncoding = 4; lastKnownFileType = text.plist.strings; name = English; path = English.lproj/InfoPlist.strings; sourceTree = "<group>"; };
		615FAC990FF2EF6D00D9D6CA /* English */ = {isa = PBXFileReference; lastKnownFileType = wrapper.nib; name = English; path = English.lproj/MainMenu.nib; sourceTree = "<group>"; };
		615FAC9A0FF2EF6D00D9D6CA /* Glass.bmp */ = {isa = PBXFileReference; lastKnownFileType = image.bmp; path = Glass.bmp; sourceTree = "<group>"; };
		615FAC9C0FF2EF6D00D9D6CA /* blb.pbxuser */ = {isa = PBXFileReference; fileEncoding = 4; lastKnownFileType = text; path = blb.pbxuser; sourceTree = "<group>"; };
		615FAC9D0FF2EF6D00D9D6CA /* project.pbxproj */ = {isa = PBXFileReference; fileEncoding = 4; lastKnownFileType = text.pbxproject; path = project.pbxproj; sourceTree = "<group>"; };
		615FAC9E0FF2EF6D00D9D6CA /* Lesson08Controller.h */ = {isa = PBXFileReference; fileEncoding = 4; lastKnownFileType = sourcecode.c.h; path = Lesson08Controller.h; sourceTree = "<group>"; };
		615FAC9F0FF2EF6D00D9D6CA /* Lesson08Controller.m */ = {isa = PBXFileReference; fileEncoding = 4; lastKnownFileType = sourcecode.c.objc; path = Lesson08Controller.m; sourceTree = "<group>"; };
		615FACA00FF2EF6D00D9D6CA /* Lesson08View.h */ = {isa = PBXFileReference; fileEncoding = 4; lastKnownFileType = sourcecode.c.h; path = Lesson08View.h; sourceTree = "<group>"; };
		615FACA10FF2EF6D00D9D6CA /* Lesson08View.m */ = {isa = PBXFileReference; fileEncoding = 4; lastKnownFileType = sourcecode.c.objc; path = Lesson08View.m; sourceTree = "<group>"; };
		615FACA20FF2EF6D00D9D6CA /* main.m */ = {isa = PBXFileReference; fileEncoding = 4; lastKnownFileType = sourcecode.c.objc; path = main.m; sourceTree = "<group>"; };
		615FACAE0FF2EF8000D9D6CA /* OpenGL.framework */ = {isa = PBXFileReference; lastKnownFileType = wrapper.framework; name = OpenGL.framework; path = System/Library/Frameworks/OpenGL.framework; sourceTree = SDKROOT; };
		8D1107310486CEB800E47090 /* Info.plist */ = {isa = PBXFileReference; fileEncoding = 4; lastKnownFileType = text.plist.xml; path = Info.plist; sourceTree = "<group>"; };
		8D1107320486CEB800E47090 /* Lesson08Blending.app */ = {isa = PBXFileReference; explicitFileType = wrapper.application; includeInIndex = 0; path = Lesson08Blending.app; sourceTree = BUILT_PRODUCTS_DIR; };
/* End PBXFileReference section */

/* Begin PBXFrameworksBuildPhase section */
		8D11072E0486CEB800E47090 /* Frameworks */ = {
			isa = PBXFrameworksBuildPhase;
			buildActionMask = 2147483647;
			files = (
				8D11072F0486CEB800E47090 /* Cocoa.framework in Frameworks */,
				615FACAF0FF2EF8000D9D6CA /* OpenGL.framework in Frameworks */,
			);
			runOnlyForDeploymentPostprocessing = 0;
		};
/* End PBXFrameworksBuildPhase section */

/* Begin PBXGroup section */
		080E96DDFE201D6D7F000001 /* Classes */ = {
			isa = PBXGroup;
			children = (
			);
			name = Classes;
			sourceTree = "<group>";
		};
		1058C7A0FEA54F0111CA2CBB /* Linked Frameworks */ = {
			isa = PBXGroup;
			children = (
				1058C7A1FEA54F0111CA2CBB /* Cocoa.framework */,
			);
			name = "Linked Frameworks";
			sourceTree = "<group>";
		};
		1058C7A2FEA54F0111CA2CBB /* Other Frameworks */ = {
			isa = PBXGroup;
			children = (
				29B97324FDCFA39411CA2CEA /* AppKit.framework */,
				13E42FB307B3F0F600E4EEF1 /* CoreData.framework */,
				29B97325FDCFA39411CA2CEA /* Foundation.framework */,
			);
			name = "Other Frameworks";
			sourceTree = "<group>";
		};
		19C28FACFE9D520D11CA2CBB /* Products */ = {
			isa = PBXGroup;
			children = (
				8D1107320486CEB800E47090 /* Lesson08Blending.app */,
			);
			name = Products;
			sourceTree = "<group>";
		};
		29B97314FDCFA39411CA2CEA /* Lesson08Blending */ = {
			isa = PBXGroup;
			children = (
				615FAC930FF2EF6D00D9D6CA /* NeHe's Readme.txt */,
				615FAC940FF2EF6D00D9D6CA /* Cocoa Readme.rtf */,
				615FAC950FF2EF6D00D9D6CA /* English.lproj */,
				615FAC9A0FF2EF6D00D9D6CA /* Glass.bmp */,
				615FAC9B0FF2EF6D00D9D6CA /* Lesson08_OSXCocoa.pbproj */,
				615FAC9E0FF2EF6D00D9D6CA /* Lesson08Controller.h */,
				615FAC9F0FF2EF6D00D9D6CA /* Lesson08Controller.m */,
				615FACA00FF2EF6D00D9D6CA /* Lesson08View.h */,
				615FACA10FF2EF6D00D9D6CA /* Lesson08View.m */,
				615FACA20FF2EF6D00D9D6CA /* main.m */,
				080E96DDFE201D6D7F000001 /* Classes */,
				29B97315FDCFA39411CA2CEA /* Other Sources */,
				29B97317FDCFA39411CA2CEA /* Resources */,
				29B97323FDCFA39411CA2CEA /* Frameworks */,
				19C28FACFE9D520D11CA2CBB /* Products */,
			);
			name = Lesson08Blending;
			sourceTree = "<group>";
		};
		29B97315FDCFA39411CA2CEA /* Other Sources */ = {
			isa = PBXGroup;
			children = (
				32CA4F630368D1EE00C91783 /* Lesson08Blending_Prefix.pch */,
			);
			name = "Other Sources";
			sourceTree = "<group>";
		};
		29B97317FDCFA39411CA2CEA /* Resources */ = {
			isa = PBXGroup;
			children = (
				8D1107310486CEB800E47090 /* Info.plist */,
			);
			name = Resources;
			sourceTree = "<group>";
		};
		29B97323FDCFA39411CA2CEA /* Frameworks */ = {
			isa = PBXGroup;
			children = (
				615FACAE0FF2EF8000D9D6CA /* OpenGL.framework */,
				1058C7A0FEA54F0111CA2CBB /* Linked Frameworks */,
				1058C7A2FEA54F0111CA2CBB /* Other Frameworks */,
			);
			name = Frameworks;
			sourceTree = "<group>";
		};
		615FAC950FF2EF6D00D9D6CA /* English.lproj */ = {
			isa = PBXGroup;
			children = (
				615FAC960FF2EF6D00D9D6CA /* InfoPlist.strings */,
				615FAC980FF2EF6D00D9D6CA /* MainMenu.nib */,
			);
			path = English.lproj;
			sourceTree = "<group>";
		};
		615FAC9B0FF2EF6D00D9D6CA /* Lesson08_OSXCocoa.pbproj */ = {
			isa = PBXGroup;
			children = (
				615FAC9C0FF2EF6D00D9D6CA /* blb.pbxuser */,
				615FAC9D0FF2EF6D00D9D6CA /* project.pbxproj */,
			);
			path = Lesson08_OSXCocoa.pbproj;
			sourceTree = "<group>";
		};
/* End PBXGroup section */

/* Begin PBXNativeTarget section */
		8D1107260486CEB800E47090 /* Lesson08Blending */ = {
			isa = PBXNativeTarget;
			buildConfigurationList = C01FCF4A08A954540054247B /* Build configuration list for PBXNativeTarget "Lesson08Blending" */;
			buildPhases = (
				8D1107290486CEB800E47090 /* Resources */,
				8D11072C0486CEB800E47090 /* Sources */,
				8D11072E0486CEB800E47090 /* Frameworks */,
			);
			buildRules = (
			);
			dependencies = (
			);
			name = Lesson08Blending;
			productInstallPath = "$(HOME)/Applications";
			productName = Lesson08Blending;
			productReference = 8D1107320486CEB800E47090 /* Lesson08Blending.app */;
			productType = "com.apple.product-type.application";
		};
/* End PBXNativeTarget section */

/* Begin PBXProject section */
		29B97313FDCFA39411CA2CEA /* Project object */ = {
			isa = PBXProject;
			buildConfigurationList = C01FCF4E08A954540054247B /* Build configuration list for PBXProject "Lesson08Blending" */;
			compatibilityVersion = "Xcode 3.1";
			hasScannedForEncodings = 1;
			mainGroup = 29B97314FDCFA39411CA2CEA /* Lesson08Blending */;
			projectDirPath = "";
			projectRoot = "";
			targets = (
				8D1107260486CEB800E47090 /* Lesson08Blending */,
			);
		};
/* End PBXProject section */

/* Begin PBXResourcesBuildPhase section */
		8D1107290486CEB800E47090 /* Resources */ = {
			isa = PBXResourcesBuildPhase;
			buildActionMask = 2147483647;
			files = (
				615FACA30FF2EF6D00D9D6CA /* NeHe's Readme.txt in Resources */,
				615FACA40FF2EF6D00D9D6CA /* Cocoa Readme.rtf in Resources */,
				615FACA50FF2EF6D00D9D6CA /* InfoPlist.strings in Resources */,
				615FACA60FF2EF6D00D9D6CA /* MainMenu.nib in Resources */,
				615FACA70FF2EF6D00D9D6CA /* Glass.bmp in Resources */,
				615FACA80FF2EF6D00D9D6CA /* blb.pbxuser in Resources */,
				615FACA90FF2EF6D00D9D6CA /* project.pbxproj in Resources */,
			);
			runOnlyForDeploymentPostprocessing = 0;
		};
/* End PBXResourcesBuildPhase section */

/* Begin PBXSourcesBuildPhase section */
		8D11072C0486CEB800E47090 /* Sources */ = {
			isa = PBXSourcesBuildPhase;
			buildActionMask = 2147483647;
			files = (
				615FACAA0FF2EF6D00D9D6CA /* Lesson08Controller.m in Sources */,
				615FACAB0FF2EF6D00D9D6CA /* Lesson08View.m in Sources */,
				615FACAC0FF2EF6D00D9D6CA /* main.m in Sources */,
			);
			runOnlyForDeploymentPostprocessing = 0;
		};
/* End PBXSourcesBuildPhase section */

/* Begin PBXVariantGroup section */
		615FAC960FF2EF6D00D9D6CA /* InfoPlist.strings */ = {
			isa = PBXVariantGroup;
			children = (
				615FAC970FF2EF6D00D9D6CA /* English */,
			);
			name = InfoPlist.strings;
			sourceTree = "<group>";
		};
		615FAC980FF2EF6D00D9D6CA /* MainMenu.nib */ = {
			isa = PBXVariantGroup;
			children = (
				615FAC990FF2EF6D00D9D6CA /* English */,
			);
			name = MainMenu.nib;
			sourceTree = "<group>";
		};
/* End PBXVariantGroup section */

/* Begin XCBuildConfiguration section */
		C01FCF4B08A954540054247B /* Debug */ = {
			isa = XCBuildConfiguration;
			buildSettings = {
				ALWAYS_SEARCH_USER_PATHS = NO;
				COPY_PHASE_STRIP = NO;
				GCC_DYNAMIC_NO_PIC = NO;
				GCC_ENABLE_FIX_AND_CONTINUE = YES;
				GCC_MODEL_TUNING = G5;
				GCC_OPTIMIZATION_LEVEL = 0;
				GCC_PRECOMPILE_PREFIX_HEADER = YES;
				GCC_PREFIX_HEADER = Lesson08Blending_Prefix.pch;
				INFOPLIST_FILE = Info.plist;
				INSTALL_PATH = "$(HOME)/Applications";
				PRODUCT_NAME = Lesson08Blending;
			};
			name = Debug;
		};
		C01FCF4C08A954540054247B /* Release */ = {
			isa = XCBuildConfiguration;
			buildSettings = {
				ALWAYS_SEARCH_USER_PATHS = NO;
				DEBUG_INFORMATION_FORMAT = "dwarf-with-dsym";
				GCC_MODEL_TUNING = G5;
				GCC_PRECOMPILE_PREFIX_HEADER = YES;
				GCC_PREFIX_HEADER = Lesson08Blending_Prefix.pch;
				INFOPLIST_FILE = Info.plist;
				INSTALL_PATH = "$(HOME)/Applications";
				PRODUCT_NAME = Lesson08Blending;
			};
			name = Release;
		};
		C01FCF4F08A954540054247B /* Debug */ = {
			isa = XCBuildConfiguration;
			buildSettings = {
				ARCHS = "$(ARCHS_STANDARD_32_BIT)";
				GCC_C_LANGUAGE_STANDARD = c99;
				GCC_OPTIMIZATION_LEVEL = 0;
				GCC_WARN_ABOUT_RETURN_TYPE = YES;
				GCC_WARN_UNUSED_VARIABLE = YES;
				ONLY_ACTIVE_ARCH = YES;
				PREBINDING = NO;
				SDKROOT = macosx10.5;
			};
			name = Debug;
		};
		C01FCF5008A954540054247B /* Release */ = {
			isa = XCBuildConfiguration;
			buildSettings = {
				ARCHS = "$(ARCHS_STANDARD_32_BIT)";
				GCC_C_LANGUAGE_STANDARD = c99;
				GCC_WARN_ABOUT_RETURN_TYPE = YES;
				GCC_WARN_UNUSED_VARIABLE = YES;
				PREBINDING = NO;
				SDKROOT = macosx10.5;
			};
			name = Release;
		};
/* End XCBuildConfiguration section */

/* Begin XCConfigurationList section */
		C01FCF4A08A954540054247B /* Build configuration list for PBXNativeTarget "Lesson08Blending" */ = {
			isa = XCConfigurationList;
			buildConfigurations = (
				C01FCF4B08A954540054247B /* Debug */,
				C01FCF4C08A954540054247B /* Release */,
			);
			defaultConfigurationIsVisible = 0;
			defaultConfigurationName = Release;
		};
		C01FCF4E08A954540054247B /* Build configuration list for PBXProject "Lesson08Blending" */ = {
			isa = XCConfigurationList;
			buildConfigurations = (
				C01FCF4F08A954540054247B /* Debug */,
				C01FCF5008A954540054247B /* Release */,
			);
			defaultConfigurationIsVisible = 0;
			defaultConfigurationName = Release;
		};
/* End XCConfigurationList section */
	};
	rootObject = 29B97313FDCFA39411CA2CEA /* Project object */;
}
