// !$*UTF8*$!
{
	archiveVersion = 1;
	classes = {
	};
	objectVersion = 45;
	objects = {

/* Begin PBXBuildFile section */
		1DDD58160DA1D0A300B32029 /* MainMenu.xib in Resources */ = {isa = PBXBuildFile; fileRef = 1DDD58140DA1D0A300B32029 /* MainMenu.xib */; };
		614C947D109A2CB10030627F /* OpenGL.framework in Frameworks */ = {isa = PBXBuildFile; fileRef = 614C947C109A2CB10030627F /* OpenGL.framework */; };
		614C95EE109A5B050030627F /* libbox2d.a in Frameworks */ = {isa = PBXBuildFile; fileRef = 614C95E6109A5B050030627F /* libbox2d.a */; };
		614C95EF109A5B050030627F /* libMyCocoaGL.a in Frameworks */ = {isa = PBXBuildFile; fileRef = 614C95E7109A5B050030627F /* libMyCocoaGL.a */; };
		614C95F0109A5B050030627F /* libGAGD.a in Frameworks */ = {isa = PBXBuildFile; fileRef = 614C95E8109A5B050030627F /* libGAGD.a */; };
		614C95F1109A5B050030627F /* libKohonen1D.a in Frameworks */ = {isa = PBXBuildFile; fileRef = 614C95E9109A5B050030627F /* libKohonen1D.a */; };
		614C95F2109A5B050030627F /* libGenetic.a in Frameworks */ = {isa = PBXBuildFile; fileRef = 614C95EA109A5B050030627F /* libGenetic.a */; };
		614C95F3109A5B050030627F /* libfreetype.6.dylib in Frameworks */ = {isa = PBXBuildFile; fileRef = 614C95EB109A5B050030627F /* libfreetype.6.dylib */; };
		614C95F4109A5B050030627F /* libMyMath.a in Frameworks */ = {isa = PBXBuildFile; fileRef = 614C95EC109A5B050030627F /* libMyMath.a */; };
		614C95F5109A5B050030627F /* libBoxGL.a in Frameworks */ = {isa = PBXBuildFile; fileRef = 614C95ED109A5B050030627F /* libBoxGL.a */; };
		8D11072B0486CEB800E47090 /* InfoPlist.strings in Resources */ = {isa = PBXBuildFile; fileRef = 089C165CFE840E0CC02AAC07 /* InfoPlist.strings */; };
		8D11072D0486CEB800E47090 /* main.m in Sources */ = {isa = PBXBuildFile; fileRef = 29B97316FDCFA39411CA2CEA /* main.m */; settings = {ATTRIBUTES = (); }; };
		8D11072F0486CEB800E47090 /* Cocoa.framework in Frameworks */ = {isa = PBXBuildFile; fileRef = 1058C7A1FEA54F0111CA2CBB /* Cocoa.framework */; };
/* End PBXBuildFile section */

/* Begin PBXFileReference section */
		089C165DFE840E0CC02AAC07 /* English */ = {isa = PBXFileReference; fileEncoding = 10; lastKnownFileType = text.plist.strings; name = English; path = English.lproj/InfoPlist.strings; sourceTree = "<group>"; };
		1058C7A1FEA54F0111CA2CBB /* Cocoa.framework */ = {isa = PBXFileReference; lastKnownFileType = wrapper.framework; name = Cocoa.framework; path = /System/Library/Frameworks/Cocoa.framework; sourceTree = "<absolute>"; };
		13E42FB307B3F0F600E4EEF1 /* CoreData.framework */ = {isa = PBXFileReference; lastKnownFileType = wrapper.framework; name = CoreData.framework; path = /System/Library/Frameworks/CoreData.framework; sourceTree = "<absolute>"; };
		1DDD58150DA1D0A300B32029 /* English */ = {isa = PBXFileReference; lastKnownFileType = file.xib; name = English; path = English.lproj/MainMenu.xib; sourceTree = "<group>"; };
		29B97316FDCFA39411CA2CEA /* main.m */ = {isa = PBXFileReference; fileEncoding = 4; lastKnownFileType = sourcecode.c.objc; path = main.m; sourceTree = "<group>"; };
		29B97324FDCFA39411CA2CEA /* AppKit.framework */ = {isa = PBXFileReference; lastKnownFileType = wrapper.framework; name = AppKit.framework; path = /System/Library/Frameworks/AppKit.framework; sourceTree = "<absolute>"; };
		29B97325FDCFA39411CA2CEA /* Foundation.framework */ = {isa = PBXFileReference; lastKnownFileType = wrapper.framework; name = Foundation.framework; path = /System/Library/Frameworks/Foundation.framework; sourceTree = "<absolute>"; };
		32CA4F630368D1EE00C91783 /* agents0_Prefix.pch */ = {isa = PBXFileReference; fileEncoding = 4; lastKnownFileType = sourcecode.c.h; path = agents0_Prefix.pch; sourceTree = "<group>"; };
		614C947C109A2CB10030627F /* OpenGL.framework */ = {isa = PBXFileReference; lastKnownFileType = wrapper.framework; name = OpenGL.framework; path = System/Library/Frameworks/OpenGL.framework; sourceTree = SDKROOT; };
		614C95E4109A5B050030627F /* Box2D.h */ = {isa = PBXFileReference; fileEncoding = 4; lastKnownFileType = sourcecode.c.h; name = Box2D.h; path = /Users/bh0085/Programming/PhysicsEngines/Box2D_v2.0.0/Box2D/Include/Box2D.h; sourceTree = "<absolute>"; };
		614C95E6109A5B050030627F /* libbox2d.a */ = {isa = PBXFileReference; lastKnownFileType = archive.ar; name = libbox2d.a; path = /Users/bh0085/Programming/gcclib/libbox2d.a; sourceTree = "<absolute>"; };
		614C95E7109A5B050030627F /* libMyCocoaGL.a */ = {isa = PBXFileReference; lastKnownFileType = archive.ar; name = libMyCocoaGL.a; path = /Users/bh0085/Programming/gcclib/libMyCocoaGL.a; sourceTree = "<absolute>"; };
		614C95E8109A5B050030627F /* libGAGD.a */ = {isa = PBXFileReference; lastKnownFileType = archive.ar; name = libGAGD.a; path = /Users/bh0085/Programming/gcclib/Algorithms/libGAGD.a; sourceTree = "<absolute>"; };
		614C95E9109A5B050030627F /* libKohonen1D.a */ = {isa = PBXFileReference; lastKnownFileType = archive.ar; name = libKohonen1D.a; path = /Users/bh0085/Programming/gcclib/Algorithms/libKohonen1D.a; sourceTree = "<absolute>"; };
		614C95EA109A5B050030627F /* libGenetic.a */ = {isa = PBXFileReference; lastKnownFileType = archive.ar; name = libGenetic.a; path = /Users/bh0085/Programming/gcclib/Algorithms/libGenetic.a; sourceTree = "<absolute>"; };
		614C95EB109A5B050030627F /* libfreetype.6.dylib */ = {isa = PBXFileReference; lastKnownFileType = "compiled.mach-o.dylib"; name = libfreetype.6.dylib; path = /opt/local/lib/libfreetype.6.dylib; sourceTree = "<absolute>"; };
		614C95EC109A5B050030627F /* libMyMath.a */ = {isa = PBXFileReference; lastKnownFileType = archive.ar; name = libMyMath.a; path = /Users/bh0085/Programming/gcclib/libMyMath.a; sourceTree = "<absolute>"; };
		614C95ED109A5B050030627F /* libBoxGL.a */ = {isa = PBXFileReference; lastKnownFileType = archive.ar; name = libBoxGL.a; path = /Users/bh0085/Programming/gcclib/libBoxGL.a; sourceTree = "<absolute>"; };
		8D1107310486CEB800E47090 /* Info.plist */ = {isa = PBXFileReference; fileEncoding = 4; lastKnownFileType = text.plist.xml; path = Info.plist; sourceTree = "<group>"; };
		8D1107320486CEB800E47090 /* agents0.app */ = {isa = PBXFileReference; explicitFileType = wrapper.application; includeInIndex = 0; path = agents0.app; sourceTree = BUILT_PRODUCTS_DIR; };
/* End PBXFileReference section */

/* Begin PBXFrameworksBuildPhase section */
		8D11072E0486CEB800E47090 /* Frameworks */ = {
			isa = PBXFrameworksBuildPhase;
			buildActionMask = 2147483647;
			files = (
				8D11072F0486CEB800E47090 /* Cocoa.framework in Frameworks */,
				614C947D109A2CB10030627F /* OpenGL.framework in Frameworks */,
				614C95EE109A5B050030627F /* libbox2d.a in Frameworks */,
				614C95EF109A5B050030627F /* libMyCocoaGL.a in Frameworks */,
				614C95F0109A5B050030627F /* libGAGD.a in Frameworks */,
				614C95F1109A5B050030627F /* libKohonen1D.a in Frameworks */,
				614C95F2109A5B050030627F /* libGenetic.a in Frameworks */,
				614C95F3109A5B050030627F /* libfreetype.6.dylib in Frameworks */,
				614C95F4109A5B050030627F /* libMyMath.a in Frameworks */,
				614C95F5109A5B050030627F /* libBoxGL.a in Frameworks */,
			);
			runOnlyForDeploymentPostprocessing = 0;
		};
/* End PBXFrameworksBuildPhase section */

/* Begin PBXGroup section */
		080E96DDFE201D6D7F000001 /* Classes */ = {
			isa = PBXGroup;
			children = (
			);
			name = Classes;
			sourceTree = "<group>";
		};
		1058C7A0FEA54F0111CA2CBB /* Linked Frameworks */ = {
			isa = PBXGroup;
			children = (
				1058C7A1FEA54F0111CA2CBB /* Cocoa.framework */,
			);
			name = "Linked Frameworks";
			sourceTree = "<group>";
		};
		1058C7A2FEA54F0111CA2CBB /* Other Frameworks */ = {
			isa = PBXGroup;
			children = (
				29B97324FDCFA39411CA2CEA /* AppKit.framework */,
				13E42FB307B3F0F600E4EEF1 /* CoreData.framework */,
				29B97325FDCFA39411CA2CEA /* Foundation.framework */,
			);
			name = "Other Frameworks";
			sourceTree = "<group>";
		};
		19C28FACFE9D520D11CA2CBB /* Products */ = {
			isa = PBXGroup;
			children = (
				8D1107320486CEB800E47090 /* agents0.app */,
			);
			name = Products;
			sourceTree = "<group>";
		};
		29B97314FDCFA39411CA2CEA /* agents0 */ = {
			isa = PBXGroup;
			children = (
				614C95E5109A5B050030627F /* Libraries */,
				614C95E4109A5B050030627F /* Box2D.h */,
				080E96DDFE201D6D7F000001 /* Classes */,
				29B97315FDCFA39411CA2CEA /* Other Sources */,
				29B97317FDCFA39411CA2CEA /* Resources */,
				29B97323FDCFA39411CA2CEA /* Frameworks */,
				19C28FACFE9D520D11CA2CBB /* Products */,
			);
			name = agents0;
			sourceTree = "<group>";
		};
		29B97315FDCFA39411CA2CEA /* Other Sources */ = {
			isa = PBXGroup;
			children = (
				32CA4F630368D1EE00C91783 /* agents0_Prefix.pch */,
				29B97316FDCFA39411CA2CEA /* main.m */,
			);
			name = "Other Sources";
			sourceTree = "<group>";
		};
		29B97317FDCFA39411CA2CEA /* Resources */ = {
			isa = PBXGroup;
			children = (
				8D1107310486CEB800E47090 /* Info.plist */,
				089C165CFE840E0CC02AAC07 /* InfoPlist.strings */,
				1DDD58140DA1D0A300B32029 /* MainMenu.xib */,
			);
			name = Resources;
			sourceTree = "<group>";
		};
		29B97323FDCFA39411CA2CEA /* Frameworks */ = {
			isa = PBXGroup;
			children = (
				614C947C109A2CB10030627F /* OpenGL.framework */,
				1058C7A0FEA54F0111CA2CBB /* Linked Frameworks */,
				1058C7A2FEA54F0111CA2CBB /* Other Frameworks */,
			);
			name = Frameworks;
			sourceTree = "<group>";
		};
		614C95E5109A5B050030627F /* Libraries */ = {
			isa = PBXGroup;
			children = (
				614C95E6109A5B050030627F /* libbox2d.a */,
				614C95E7109A5B050030627F /* libMyCocoaGL.a */,
				614C95E8109A5B050030627F /* libGAGD.a */,
				614C95E9109A5B050030627F /* libKohonen1D.a */,
				614C95EA109A5B050030627F /* libGenetic.a */,
				614C95EB109A5B050030627F /* libfreetype.6.dylib */,
				614C95EC109A5B050030627F /* libMyMath.a */,
				614C95ED109A5B050030627F /* libBoxGL.a */,
			);
			name = Libraries;
			path = /Users/bh0085/Programming/Simulations/agents0;
			sourceTree = "<absolute>";
		};
/* End PBXGroup section */

/* Begin PBXNativeTarget section */
		8D1107260486CEB800E47090 /* agents0 */ = {
			isa = PBXNativeTarget;
			buildConfigurationList = C01FCF4A08A954540054247B /* Build configuration list for PBXNativeTarget "agents0" */;
			buildPhases = (
				8D1107290486CEB800E47090 /* Resources */,
				8D11072C0486CEB800E47090 /* Sources */,
				8D11072E0486CEB800E47090 /* Frameworks */,
			);
			buildRules = (
			);
			dependencies = (
			);
			name = agents0;
			productInstallPath = "$(HOME)/Applications";
			productName = agents0;
			productReference = 8D1107320486CEB800E47090 /* agents0.app */;
			productType = "com.apple.product-type.application";
		};
/* End PBXNativeTarget section */

/* Begin PBXProject section */
		29B97313FDCFA39411CA2CEA /* Project object */ = {
			isa = PBXProject;
			buildConfigurationList = C01FCF4E08A954540054247B /* Build configuration list for PBXProject "agents0" */;
			compatibilityVersion = "Xcode 3.1";
			hasScannedForEncodings = 1;
			mainGroup = 29B97314FDCFA39411CA2CEA /* agents0 */;
			projectDirPath = "";
			projectRoot = "";
			targets = (
				8D1107260486CEB800E47090 /* agents0 */,
			);
		};
/* End PBXProject section */

/* Begin PBXResourcesBuildPhase section */
		8D1107290486CEB800E47090 /* Resources */ = {
			isa = PBXResourcesBuildPhase;
			buildActionMask = 2147483647;
			files = (
				8D11072B0486CEB800E47090 /* InfoPlist.strings in Resources */,
				1DDD58160DA1D0A300B32029 /* MainMenu.xib in Resources */,
			);
			runOnlyForDeploymentPostprocessing = 0;
		};
/* End PBXResourcesBuildPhase section */

/* Begin PBXSourcesBuildPhase section */
		8D11072C0486CEB800E47090 /* Sources */ = {
			isa = PBXSourcesBuildPhase;
			buildActionMask = 2147483647;
			files = (
				8D11072D0486CEB800E47090 /* main.m in Sources */,
			);
			runOnlyForDeploymentPostprocessing = 0;
		};
/* End PBXSourcesBuildPhase section */

/* Begin PBXVariantGroup section */
		089C165CFE840E0CC02AAC07 /* InfoPlist.strings */ = {
			isa = PBXVariantGroup;
			children = (
				089C165DFE840E0CC02AAC07 /* English */,
			);
			name = InfoPlist.strings;
			sourceTree = "<group>";
		};
		1DDD58140DA1D0A300B32029 /* MainMenu.xib */ = {
			isa = PBXVariantGroup;
			children = (
				1DDD58150DA1D0A300B32029 /* English */,
			);
			name = MainMenu.xib;
			sourceTree = "<group>";
		};
/* End PBXVariantGroup section */

/* Begin XCBuildConfiguration section */
		C01FCF4B08A954540054247B /* Debug */ = {
			isa = XCBuildConfiguration;
			buildSettings = {
				ALWAYS_SEARCH_USER_PATHS = NO;
				COPY_PHASE_STRIP = NO;
				GCC_DYNAMIC_NO_PIC = NO;
				GCC_ENABLE_FIX_AND_CONTINUE = YES;
				GCC_MODEL_TUNING = G5;
				GCC_OPTIMIZATION_LEVEL = 0;
				GCC_PRECOMPILE_PREFIX_HEADER = YES;
				GCC_PREFIX_HEADER = agents0_Prefix.pch;
				INFOPLIST_FILE = Info.plist;
				INSTALL_PATH = "$(HOME)/Applications";
				LIBRARY_SEARCH_PATHS = (
					"$(inherited)",
					"\"$(SRCROOT)/../../gcclib\"",
					"\"$(SDKROOT)/usr/X11R6/lib\"",
					/opt/local/lib,
					"\"$(SRCROOT)/../../gcclib/Algorithms\"",
				);
				PRODUCT_NAME = agents0;
			};
			name = Debug;
		};
		C01FCF4C08A954540054247B /* Release */ = {
			isa = XCBuildConfiguration;
			buildSettings = {
				ALWAYS_SEARCH_USER_PATHS = NO;
				DEBUG_INFORMATION_FORMAT = "dwarf-with-dsym";
				GCC_MODEL_TUNING = G5;
				GCC_PRECOMPILE_PREFIX_HEADER = YES;
				GCC_PREFIX_HEADER = agents0_Prefix.pch;
				INFOPLIST_FILE = Info.plist;
				INSTALL_PATH = "$(HOME)/Applications";
				LIBRARY_SEARCH_PATHS = (
					"$(inherited)",
					"\"$(SRCROOT)/../../gcclib\"",
					"\"$(SDKROOT)/usr/X11R6/lib\"",
					/opt/local/lib,
					"\"$(SRCROOT)/../../gcclib/Algorithms\"",
				);
				PRODUCT_NAME = agents0;
			};
			name = Release;
		};
		C01FCF4F08A954540054247B /* Debug */ = {
			isa = XCBuildConfiguration;
			buildSettings = {
				ARCHS = "$(ARCHS_STANDARD_32_BIT)";
				GCC_C_LANGUAGE_STANDARD = c99;
				GCC_OPTIMIZATION_LEVEL = 0;
				GCC_WARN_ABOUT_RETURN_TYPE = YES;
				GCC_WARN_UNUSED_VARIABLE = YES;
				HEADER_SEARCH_PATHS = (
					"$(gcc-include)",
					"$(opt-include)",
					"$(opt-include)/freetype2",
				);
				ONLY_ACTIVE_ARCH = YES;
				PREBINDING = NO;
				SDKROOT = macosx10.5;
			};
			name = Debug;
		};
		C01FCF5008A954540054247B /* Release */ = {
			isa = XCBuildConfiguration;
			buildSettings = {
				ARCHS = "$(ARCHS_STANDARD_32_BIT)";
				GCC_C_LANGUAGE_STANDARD = c99;
				GCC_WARN_ABOUT_RETURN_TYPE = YES;
				GCC_WARN_UNUSED_VARIABLE = YES;
				HEADER_SEARCH_PATHS = (
					"$(opt-include)/freetype2/",
					"$(opt-include)",
					"$(gcc-include)/**",
				);
				PREBINDING = NO;
				SDKROOT = macosx10.5;
			};
			name = Release;
		};
/* End XCBuildConfiguration section */

/* Begin XCConfigurationList section */
		C01FCF4A08A954540054247B /* Build configuration list for PBXNativeTarget "agents0" */ = {
			isa = XCConfigurationList;
			buildConfigurations = (
				C01FCF4B08A954540054247B /* Debug */,
				C01FCF4C08A954540054247B /* Release */,
			);
			defaultConfigurationIsVisible = 0;
			defaultConfigurationName = Release;
		};
		C01FCF4E08A954540054247B /* Build configuration list for PBXProject "agents0" */ = {
			isa = XCConfigurationList;
			buildConfigurations = (
				C01FCF4F08A954540054247B /* Debug */,
				C01FCF5008A954540054247B /* Release */,
			);
			defaultConfigurationIsVisible = 0;
			defaultConfigurationName = Release;
		};
/* End XCConfigurationList section */
	};
	rootObject = 29B97313FDCFA39411CA2CEA /* Project object */;
}
